
Microsoft Visual Studio Solution File, Format Version 12.00
# Visual Studio 15
Project("{FAE04EC0-301F-11D3-BF4B-00C04F79EFBC}") = "Nauka_RPG", "Nauka_RPG\Nauka_RPG.csproj", "{38D0164B-A575-49A7-937D-23C46ADC4BFC}"
EndProject
Global
	GlobalSection(SolutionConfigurationPlatforms) = preSolution
		Debug|Any CPU = Debug|Any CPU
		Release|Any CPU = Release|Any CPU
	EndGlobalSection
	GlobalSection(ProjectConfigurationPlatforms) = postSolution
		{38D0164B-A575-49A7-937D-23C46ADC4BFC}.Debug|Any CPU.ActiveCfg = Debug|Any CPU
		{38D0164B-A575-49A7-937D-23C46ADC4BFC}.Debug|Any CPU.Build.0 = Debug|Any CPU
		{38D0164B-A575-49A7-937D-23C46ADC4BFC}.Release|Any CPU.ActiveCfg = Release|Any CPU
		{38D0164B-A575-49A7-937D-23C46ADC4BFC}.Release|Any CPU.Build.0 = Release|Any CPU
	EndGlobalSection
EndGlobal
